
Microsoft Visual Studio Solution File, Format Version 12.00
# Visual Studio Version 17
VisualStudioVersion = 17.4.33213.308
MinimumVisualStudioVersion = 10.0.40219.1
Project("{FAE04EC0-301F-11D3-BF4B-00C04F79EFBC}") = "Ex4a6_CalculadoraTDD", "Ex4a6_CalculadoraTDD.csproj", "{94675ACB-C243-4B59-A76E-47F5732D6934}"
EndProject
Project("{FAE04EC0-301F-11D3-BF4B-00C04F79EFBC}") = "Ex4a6_CalculadoraTDDtest", "..\Ex4a6_CalculadoraTDDtest\Ex4a6_CalculadoraTDDtest.csproj", "{A2FC7D3F-1A77-4EF7-A545-A39F054A5900}"
EndProject
Global
	GlobalSection(SolutionConfigurationPlatforms) = preSolution
		Debug|Any CPU = Debug|Any CPU
		Release|Any CPU = Release|Any CPU
	EndGlobalSection
	GlobalSection(ProjectConfigurationPlatforms) = postSolution
		{94675ACB-C243-4B59-A76E-47F5732D6934}.Debug|Any CPU.ActiveCfg = Debug|Any CPU
		{94675ACB-C243-4B59-A76E-47F5732D6934}.Debug|Any CPU.Build.0 = Debug|Any CPU
		{94675ACB-C243-4B59-A76E-47F5732D6934}.Release|Any CPU.ActiveCfg = Release|Any CPU
		{94675ACB-C243-4B59-A76E-47F5732D6934}.Release|Any CPU.Build.0 = Release|Any CPU
		{A2FC7D3F-1A77-4EF7-A545-A39F054A5900}.Debug|Any CPU.ActiveCfg = Debug|Any CPU
		{A2FC7D3F-1A77-4EF7-A545-A39F054A5900}.Debug|Any CPU.Build.0 = Debug|Any CPU
		{A2FC7D3F-1A77-4EF7-A545-A39F054A5900}.Release|Any CPU.ActiveCfg = Release|Any CPU
		{A2FC7D3F-1A77-4EF7-A545-A39F054A5900}.Release|Any CPU.Build.0 = Release|Any CPU
	EndGlobalSection
	GlobalSection(SolutionProperties) = preSolution
		HideSolutionNode = FALSE
	EndGlobalSection
	GlobalSection(ExtensibilityGlobals) = postSolution
		SolutionGuid = {3A691C46-8954-45B1-A135-57CC4486086E}
	EndGlobalSection
EndGlobal
