
Microsoft Visual Studio Solution File, Format Version 12.00
# Visual Studio Version 17
VisualStudioVersion = 17.4.33213.308
MinimumVisualStudioVersion = 10.0.40219.1
Project("{FAE04EC0-301F-11D3-BF4B-00C04F79EFBC}") = "ExerciciosM1S04", "ExerciciosM1S04.csproj", "{E4FA3D68-F99A-4265-A2CC-D36529EB132F}"
EndProject
Global
	GlobalSection(SolutionConfigurationPlatforms) = preSolution
		Debug|Any CPU = Debug|Any CPU
		Release|Any CPU = Release|Any CPU
	EndGlobalSection
	GlobalSection(ProjectConfigurationPlatforms) = postSolution
		{E4FA3D68-F99A-4265-A2CC-D36529EB132F}.Debug|Any CPU.ActiveCfg = Debug|Any CPU
		{E4FA3D68-F99A-4265-A2CC-D36529EB132F}.Debug|Any CPU.Build.0 = Debug|Any CPU
		{E4FA3D68-F99A-4265-A2CC-D36529EB132F}.Release|Any CPU.ActiveCfg = Release|Any CPU
		{E4FA3D68-F99A-4265-A2CC-D36529EB132F}.Release|Any CPU.Build.0 = Release|Any CPU
	EndGlobalSection
	GlobalSection(SolutionProperties) = preSolution
		HideSolutionNode = FALSE
	EndGlobalSection
	GlobalSection(ExtensibilityGlobals) = postSolution
		SolutionGuid = {DA9D32B0-A9DE-4B4F-B6C1-B5B76E8723DB}
	EndGlobalSection
EndGlobal
