
Microsoft Visual Studio Solution File, Format Version 12.00
# Visual Studio Version 17
VisualStudioVersion = 17.4.33213.308
MinimumVisualStudioVersion = 10.0.40219.1
Project("{FAE04EC0-301F-11D3-BF4B-00C04F79EFBC}") = "Ex3_ExcecoesPersonalizadas", "Ex3_ExcecoesPersonalizadas.csproj", "{19528F9B-381D-4927-9061-EFF8AC7F8B05}"
EndProject
Global
	GlobalSection(SolutionConfigurationPlatforms) = preSolution
		Debug|Any CPU = Debug|Any CPU
		Release|Any CPU = Release|Any CPU
	EndGlobalSection
	GlobalSection(ProjectConfigurationPlatforms) = postSolution
		{19528F9B-381D-4927-9061-EFF8AC7F8B05}.Debug|Any CPU.ActiveCfg = Debug|Any CPU
		{19528F9B-381D-4927-9061-EFF8AC7F8B05}.Debug|Any CPU.Build.0 = Debug|Any CPU
		{19528F9B-381D-4927-9061-EFF8AC7F8B05}.Release|Any CPU.ActiveCfg = Release|Any CPU
		{19528F9B-381D-4927-9061-EFF8AC7F8B05}.Release|Any CPU.Build.0 = Release|Any CPU
	EndGlobalSection
	GlobalSection(SolutionProperties) = preSolution
		HideSolutionNode = FALSE
	EndGlobalSection
	GlobalSection(ExtensibilityGlobals) = postSolution
		SolutionGuid = {C40F2651-6F92-4D96-8FAE-14CA664AA5FF}
	EndGlobalSection
EndGlobal
