
Microsoft Visual Studio Solution File, Format Version 12.00
# Visual Studio Version 17
VisualStudioVersion = 17.5.33530.505
MinimumVisualStudioVersion = 10.0.40219.1
Project("{FAE04EC0-301F-11D3-BF4B-00C04F79EFBC}") = "Escola", "Escola.csproj", "{62D9EA4D-6363-4B2A-B8B8-B602F3B02848}"
EndProject
Global
	GlobalSection(SolutionConfigurationPlatforms) = preSolution
		Debug|Any CPU = Debug|Any CPU
		Release|Any CPU = Release|Any CPU
	EndGlobalSection
	GlobalSection(ProjectConfigurationPlatforms) = postSolution
		{62D9EA4D-6363-4B2A-B8B8-B602F3B02848}.Debug|Any CPU.ActiveCfg = Debug|Any CPU
		{62D9EA4D-6363-4B2A-B8B8-B602F3B02848}.Debug|Any CPU.Build.0 = Debug|Any CPU
		{62D9EA4D-6363-4B2A-B8B8-B602F3B02848}.Release|Any CPU.ActiveCfg = Release|Any CPU
		{62D9EA4D-6363-4B2A-B8B8-B602F3B02848}.Release|Any CPU.Build.0 = Release|Any CPU
	EndGlobalSection
	GlobalSection(SolutionProperties) = preSolution
		HideSolutionNode = FALSE
	EndGlobalSection
	GlobalSection(ExtensibilityGlobals) = postSolution
		SolutionGuid = {BBFE214B-58FB-4B28-854E-F028194895E4}
	EndGlobalSection
EndGlobal
