
Microsoft Visual Studio Solution File, Format Version 12.00
# Visual Studio Version 17
VisualStudioVersion = 17.4.33213.308
MinimumVisualStudioVersion = 10.0.40219.1
Project("{FAE04EC0-301F-11D3-BF4B-00C04F79EFBC}") = "Ex1_SoliciteDoisNumeros", "Ex1_SoliciteDoisNumeros.csproj", "{FD6B1E0B-305F-4DDD-BF2D-98CAB7301830}"
EndProject
Global
	GlobalSection(SolutionConfigurationPlatforms) = preSolution
		Debug|Any CPU = Debug|Any CPU
		Release|Any CPU = Release|Any CPU
	EndGlobalSection
	GlobalSection(ProjectConfigurationPlatforms) = postSolution
		{FD6B1E0B-305F-4DDD-BF2D-98CAB7301830}.Debug|Any CPU.ActiveCfg = Debug|Any CPU
		{FD6B1E0B-305F-4DDD-BF2D-98CAB7301830}.Debug|Any CPU.Build.0 = Debug|Any CPU
		{FD6B1E0B-305F-4DDD-BF2D-98CAB7301830}.Release|Any CPU.ActiveCfg = Release|Any CPU
		{FD6B1E0B-305F-4DDD-BF2D-98CAB7301830}.Release|Any CPU.Build.0 = Release|Any CPU
	EndGlobalSection
	GlobalSection(SolutionProperties) = preSolution
		HideSolutionNode = FALSE
	EndGlobalSection
	GlobalSection(ExtensibilityGlobals) = postSolution
		SolutionGuid = {EC7A84E6-9C9F-41DB-AD25-6F2E89866666}
	EndGlobalSection
EndGlobal
